<Solution>
  <Folder Name="/Solution Items/">
    <File Path="src/ToDo.Infrastructure/Infrastructure.csproj" />
  </Folder>
  <Project Path="src/ToDo.Api/To-Do application.csproj" />
  <Project Path="src/ToDo.Application/Application.csproj" />
  <Project Path="src/ToDo.Domain/Domain.csproj" />
  <Project Path="src/ToDo.Infrastructure/Infrastructure.csproj" />
  <Project Path="ToDo.UnitTests/Tests.csproj" />
</Solution>
